
Microsoft Visual Studio Solution File, Format Version 12.00
# Visual Studio Version 17
VisualStudioVersion = 17.4.33122.133
MinimumVisualStudioVersion = 10.0.40219.1
Project("{FAE04EC0-301F-11D3-BF4B-00C04F79EFBC}") = "WinFormsApp1", "WinFormsApp1\WinFormsApp1.csproj", "{81AE4FD3-A6EB-41A9-AB94-D720C184BB11}"
EndProject
Global
	GlobalSection(SolutionConfigurationPlatforms) = preSolution
		Debug|Any CPU = Debug|Any CPU
		Release|Any CPU = Release|Any CPU
	EndGlobalSection
	GlobalSection(ProjectConfigurationPlatforms) = postSolution
		{81AE4FD3-A6EB-41A9-AB94-D720C184BB11}.Debug|Any CPU.ActiveCfg = Debug|Any CPU
		{81AE4FD3-A6EB-41A9-AB94-D720C184BB11}.Debug|Any CPU.Build.0 = Debug|Any CPU
		{81AE4FD3-A6EB-41A9-AB94-D720C184BB11}.Release|Any CPU.ActiveCfg = Release|Any CPU
		{81AE4FD3-A6EB-41A9-AB94-D720C184BB11}.Release|Any CPU.Build.0 = Release|Any CPU
	EndGlobalSection
	GlobalSection(SolutionProperties) = preSolution
		HideSolutionNode = FALSE
	EndGlobalSection
	GlobalSection(ExtensibilityGlobals) = postSolution
		SolutionGuid = {642DFD48-5808-4BC2-9635-9AF00B13A6D4}
	EndGlobalSection
EndGlobal
